
Microsoft Visual Studio Solution File, Format Version 12.00
# Visual Studio Version 17
VisualStudioVersion = 17.2.32630.192
MinimumVisualStudioVersion = 10.0.40219.1
Project("{9A19103F-16F7-4668-BE54-9A1E7A4F7556}") = "StickyNotes", "StickyNotes\StickyNotes.csproj", "{5344E378-8C1F-4444-8384-33F3D193D9EB}"
EndProject
Global
	GlobalSection(SolutionConfigurationPlatforms) = preSolution
		Debug|Any CPU = Debug|Any CPU
		Release|Any CPU = Release|Any CPU
	EndGlobalSection
	GlobalSection(ProjectConfigurationPlatforms) = postSolution
		{5344E378-8C1F-4444-8384-33F3D193D9EB}.Debug|Any CPU.ActiveCfg = Debug|Any CPU
		{5344E378-8C1F-4444-8384-33F3D193D9EB}.Debug|Any CPU.Build.0 = Debug|Any CPU
		{5344E378-8C1F-4444-8384-33F3D193D9EB}.Release|Any CPU.ActiveCfg = Release|Any CPU
		{5344E378-8C1F-4444-8384-33F3D193D9EB}.Release|Any CPU.Build.0 = Release|Any CPU
	EndGlobalSection
	GlobalSection(SolutionProperties) = preSolution
		HideSolutionNode = FALSE
	EndGlobalSection
	GlobalSection(ExtensibilityGlobals) = postSolution
		SolutionGuid = {2786A563-243D-41A4-8027-A4210E373F9B}
	EndGlobalSection
EndGlobal
